Microsoft Visual Studio Solution File, Format Version 12.00
# Visual Studio Version 17
VisualStudioVersion = 17.13.35931.197
MinimumVisualStudioVersion = 10.0.40219.1
Project("{FAE04EC0-301F-11D3-BF4B-00C04F79EFBC}") = "ConsoleApp2", "ConsoleApp2.csproj", "{22392B5B-59CE-4BDA-9B3A-4A04A79DC6A6}"
EndProject
Global
	GlobalSection(SolutionConfigurationPlatforms) = preSolution
		Debug|Any CPU = Debug|Any CPU
		Release|Any CPU = Release|Any CPU
	EndGlobalSection
	GlobalSection(ProjectConfigurationPlatforms) = postSolution
		{22392B5B-59CE-4BDA-9B3A-4A04A79DC6A6}.Debug|Any CPU.ActiveCfg = Debug|Any CPU
		{22392B5B-59CE-4BDA-9B3A-4A04A79DC6A6}.Debug|Any CPU.Build.0 = Debug|Any CPU
		{22392B5B-59CE-4BDA-9B3A-4A04A79DC6A6}.Release|Any CPU.ActiveCfg = Release|Any CPU
		{22392B5B-59CE-4BDA-9B3A-4A04A79DC6A6}.Release|Any CPU.Build.0 = Release|Any CPU
	EndGlobalSection
	GlobalSection(SolutionProperties) = preSolution
		HideSolutionNode = FALSE
	EndGlobalSection
	GlobalSection(ExtensibilityGlobals) = postSolution
		SolutionGuid = {6C3AC937-7C64-494A-9BC0-1C2795FD7795}
	EndGlobalSection
EndGlobal
